
Microsoft Visual Studio Solution File, Format Version 12.00
# Visual Studio Version 16
VisualStudioVersion = 16.0.29230.47
MinimumVisualStudioVersion = 10.0.40219.1
Project("{FAE04EC0-301F-11D3-BF4B-00C04F79EFBC}") = "WpfCalculator2.0", "WpfCalculator2.0\WpfCalculator2.0.csproj", "{0441087F-86AB-48DE-9D8B-CA42645159D0}"
EndProject
Global
	GlobalSection(SolutionConfigurationPlatforms) = preSolution
		Debug|Any CPU = Debug|Any CPU
		Release|Any CPU = Release|Any CPU
	EndGlobalSection
	GlobalSection(ProjectConfigurationPlatforms) = postSolution
		{0441087F-86AB-48DE-9D8B-CA42645159D0}.Debug|Any CPU.ActiveCfg = Debug|Any CPU
		{0441087F-86AB-48DE-9D8B-CA42645159D0}.Debug|Any CPU.Build.0 = Debug|Any CPU
		{0441087F-86AB-48DE-9D8B-CA42645159D0}.Release|Any CPU.ActiveCfg = Release|Any CPU
		{0441087F-86AB-48DE-9D8B-CA42645159D0}.Release|Any CPU.Build.0 = Release|Any CPU
	EndGlobalSection
	GlobalSection(SolutionProperties) = preSolution
		HideSolutionNode = FALSE
	EndGlobalSection
	GlobalSection(ExtensibilityGlobals) = postSolution
		SolutionGuid = {D7E14C5E-6FDF-4187-9E7F-C61A672D43A2}
	EndGlobalSection
EndGlobal
